// !$*UTF8*$!
{
	archiveVersion = 1;
	classes = {
	};
	objectVersion = 56;
	objects = {

/* Begin PBXBuildFile section */
		3185AEE629C1ABDC00ED6ABE /* DetailsView.swift in Sources */ = {isa = PBXBuildFile; fileRef = 3185AEE529C1ABDC00ED6ABE /* DetailsView.swift */; };
		3185AEEA29C1AD0C00ED6ABE /* DetailsViewModel.swift in Sources */ = {isa = PBXBuildFile; fileRef = 3185AEE929C1AD0C00ED6ABE /* DetailsViewModel.swift */; };
		3185AEEC29C1CEBB00ED6ABE /* CountDownView.swift in Sources */ = {isa = PBXBuildFile; fileRef = 3185AEEB29C1CEBB00ED6ABE /* CountDownView.swift */; };
		31F6AA3729BE9A840069FF2E /* SuGittiApp.swift in Sources */ = {isa = PBXBuildFile; fileRef = 31F6AA3629BE9A840069FF2E /* SuGittiApp.swift */; };
		31F6AA3929BE9A840069FF2E /* ContentView.swift in Sources */ = {isa = PBXBuildFile; fileRef = 31F6AA3829BE9A840069FF2E /* ContentView.swift */; };
		31F6AA3B29BE9A850069FF2E /* Assets.xcassets in Resources */ = {isa = PBXBuildFile; fileRef = 31F6AA3A29BE9A850069FF2E /* Assets.xcassets */; };
		31F6AA3E29BE9A850069FF2E /* Preview Assets.xcassets in Resources */ = {isa = PBXBuildFile; fileRef = 31F6AA3D29BE9A850069FF2E /* Preview Assets.xcassets */; };
		31F6AA4529BE9AFF0069FF2E /* CityModel.swift in Sources */ = {isa = PBXBuildFile; fileRef = 31F6AA4429BE9AFF0069FF2E /* CityModel.swift */; };
		31F6AA4729BE9B3C0069FF2E /* Service.swift in Sources */ = {isa = PBXBuildFile; fileRef = 31F6AA4629BE9B3C0069FF2E /* Service.swift */; };
		31F6AA4929BE9E9C0069FF2E /* HomeView.swift in Sources */ = {isa = PBXBuildFile; fileRef = 31F6AA4829BE9E9C0069FF2E /* HomeView.swift */; };
		31F6AA4C29BEA4540069FF2E /* Alamofire in Frameworks */ = {isa = PBXBuildFile; productRef = 31F6AA4B29BEA4540069FF2E /* Alamofire */; };
		31F6AA4E29BEAAEC0069FF2E /* CellView.swift in Sources */ = {isa = PBXBuildFile; fileRef = 31F6AA4D29BEAAEC0069FF2E /* CellView.swift */; };
/* End PBXBuildFile section */

/* Begin PBXFileReference section */
		3185AEE529C1ABDC00ED6ABE /* DetailsView.swift */ = {isa = PBXFileReference; lastKnownFileType = sourcecode.swift; path = DetailsView.swift; sourceTree = "<group>"; };
		3185AEE929C1AD0C00ED6ABE /* DetailsViewModel.swift */ = {isa = PBXFileReference; lastKnownFileType = sourcecode.swift; path = DetailsViewModel.swift; sourceTree = "<group>"; };
		3185AEEB29C1CEBB00ED6ABE /* CountDownView.swift */ = {isa = PBXFileReference; lastKnownFileType = sourcecode.swift; path = CountDownView.swift; sourceTree = "<group>"; };
		31F6AA3329BE9A840069FF2E /* SuGitti.app */ = {isa = PBXFileReference; explicitFileType = wrapper.application; includeInIndex = 0; path = SuGitti.app; sourceTree = BUILT_PRODUCTS_DIR; };
		31F6AA3629BE9A840069FF2E /* SuGittiApp.swift */ = {isa = PBXFileReference; lastKnownFileType = sourcecode.swift; path = SuGittiApp.swift; sourceTree = "<group>"; };
		31F6AA3829BE9A840069FF2E /* ContentView.swift */ = {isa = PBXFileReference; lastKnownFileType = sourcecode.swift; path = ContentView.swift; sourceTree = "<group>"; };
		31F6AA3A29BE9A850069FF2E /* Assets.xcassets */ = {isa = PBXFileReference; lastKnownFileType = folder.assetcatalog; path = Assets.xcassets; sourceTree = "<group>"; };
		31F6AA3D29BE9A850069FF2E /* Preview Assets.xcassets */ = {isa = PBXFileReference; lastKnownFileType = folder.assetcatalog; path = "Preview Assets.xcassets"; sourceTree = "<group>"; };
		31F6AA4429BE9AFF0069FF2E /* CityModel.swift */ = {isa = PBXFileReference; lastKnownFileType = sourcecode.swift; path = CityModel.swift; sourceTree = "<group>"; };
		31F6AA4629BE9B3C0069FF2E /* Service.swift */ = {isa = PBXFileReference; lastKnownFileType = sourcecode.swift; path = Service.swift; sourceTree = "<group>"; };
		31F6AA4829BE9E9C0069FF2E /* HomeView.swift */ = {isa = PBXFileReference; lastKnownFileType = sourcecode.swift; path = HomeView.swift; sourceTree = "<group>"; };
		31F6AA4D29BEAAEC0069FF2E /* CellView.swift */ = {isa = PBXFileReference; lastKnownFileType = sourcecode.swift; path = CellView.swift; sourceTree = "<group>"; };
/* End PBXFileReference section */

/* Begin PBXFrameworksBuildPhase section */
		31F6AA3029BE9A840069FF2E /* Frameworks */ = {
			isa = PBXFrameworksBuildPhase;
			buildActionMask = 2147483647;
			files = (
				31F6AA4C29BEA4540069FF2E /* Alamofire in Frameworks */,
			);
			runOnlyForDeploymentPostprocessing = 0;
		};
/* End PBXFrameworksBuildPhase section */

/* Begin PBXGroup section */
		312C332E29C088D80033CDA5 /* ViewModel */ = {
			isa = PBXGroup;
			children = (
				31F6AA4629BE9B3C0069FF2E /* Service.swift */,
				3185AEE929C1AD0C00ED6ABE /* DetailsViewModel.swift */,
			);
			path = ViewModel;
			sourceTree = "<group>";
		};
		31F6AA2A29BE9A840069FF2E = {
			isa = PBXGroup;
			children = (
				31F6AA3529BE9A840069FF2E /* SuGitti */,
				31F6AA3429BE9A840069FF2E /* Products */,
			);
			sourceTree = "<group>";
		};
		31F6AA3429BE9A840069FF2E /* Products */ = {
			isa = PBXGroup;
			children = (
				31F6AA3329BE9A840069FF2E /* SuGitti.app */,
			);
			name = Products;
			sourceTree = "<group>";
		};
		31F6AA3529BE9A840069FF2E /* SuGitti */ = {
			isa = PBXGroup;
			children = (
				312C332E29C088D80033CDA5 /* ViewModel */,
				31F6AA5029BEAFE90069FF2E /* Views */,
				31F6AA4F29BEAFDB0069FF2E /* Models */,
				31F6AA3629BE9A840069FF2E /* SuGittiApp.swift */,
				31F6AA3A29BE9A850069FF2E /* Assets.xcassets */,
				31F6AA3C29BE9A850069FF2E /* Preview Content */,
			);
			path = SuGitti;
			sourceTree = "<group>";
		};
		31F6AA3C29BE9A850069FF2E /* Preview Content */ = {
			isa = PBXGroup;
			children = (
				31F6AA3D29BE9A850069FF2E /* Preview Assets.xcassets */,
			);
			path = "Preview Content";
			sourceTree = "<group>";
		};
		31F6AA4F29BEAFDB0069FF2E /* Models */ = {
			isa = PBXGroup;
			children = (
				31F6AA4429BE9AFF0069FF2E /* CityModel.swift */,
			);
			path = Models;
			sourceTree = "<group>";
		};
		31F6AA5029BEAFE90069FF2E /* Views */ = {
			isa = PBXGroup;
			children = (
				31F6AA4D29BEAAEC0069FF2E /* CellView.swift */,
				31F6AA4829BE9E9C0069FF2E /* HomeView.swift */,
				31F6AA3829BE9A840069FF2E /* ContentView.swift */,
				3185AEE529C1ABDC00ED6ABE /* DetailsView.swift */,
				3185AEEB29C1CEBB00ED6ABE /* CountDownView.swift */,
			);
			path = Views;
			sourceTree = "<group>";
		};
/* End PBXGroup section */

/* Begin PBXNativeTarget section */
		31F6AA3229BE9A840069FF2E /* SuGitti */ = {
			isa = PBXNativeTarget;
			buildConfigurationList = 31F6AA4129BE9A850069FF2E /* Build configuration list for PBXNativeTarget "SuGitti" */;
			buildPhases = (
				31F6AA2F29BE9A840069FF2E /* Sources */,
				31F6AA3029BE9A840069FF2E /* Frameworks */,
				31F6AA3129BE9A840069FF2E /* Resources */,
			);
			buildRules = (
			);
			dependencies = (
			);
			name = SuGitti;
			packageProductDependencies = (
				31F6AA4B29BEA4540069FF2E /* Alamofire */,
			);
			productName = SuGitti;
			productReference = 31F6AA3329BE9A840069FF2E /* SuGitti.app */;
			productType = "com.apple.product-type.application";
		};
/* End PBXNativeTarget section */

/* Begin PBXProject section */
		31F6AA2B29BE9A840069FF2E /* Project object */ = {
			isa = PBXProject;
			attributes = {
				BuildIndependentTargetsInParallel = 1;
				LastSwiftUpdateCheck = 1410;
				LastUpgradeCheck = 1410;
				TargetAttributes = {
					31F6AA3229BE9A840069FF2E = {
						CreatedOnToolsVersion = 14.1;
					};
				};
			};
			buildConfigurationList = 31F6AA2E29BE9A840069FF2E /* Build configuration list for PBXProject "SuGitti" */;
			compatibilityVersion = "Xcode 14.0";
			developmentRegion = en;
			hasScannedForEncodings = 0;
			knownRegions = (
				en,
				Base,
			);
			mainGroup = 31F6AA2A29BE9A840069FF2E;
			packageReferences = (
				31F6AA4A29BEA4540069FF2E /* XCRemoteSwiftPackageReference "Alamofire" */,
			);
			productRefGroup = 31F6AA3429BE9A840069FF2E /* Products */;
			projectDirPath = "";
			projectRoot = "";
			targets = (
				31F6AA3229BE9A840069FF2E /* SuGitti */,
			);
		};
/* End PBXProject section */

/* Begin PBXResourcesBuildPhase section */
		31F6AA3129BE9A840069FF2E /* Resources */ = {
			isa = PBXResourcesBuildPhase;
			buildActionMask = 2147483647;
			files = (
				31F6AA3E29BE9A850069FF2E /* Preview Assets.xcassets in Resources */,
				31F6AA3B29BE9A850069FF2E /* Assets.xcassets in Resources */,
			);
			runOnlyForDeploymentPostprocessing = 0;
		};
/* End PBXResourcesBuildPhase section */

/* Begin PBXSourcesBuildPhase section */
		31F6AA2F29BE9A840069FF2E /* Sources */ = {
			isa = PBXSourcesBuildPhase;
			buildActionMask = 2147483647;
			files = (
				31F6AA3929BE9A840069FF2E /* ContentView.swift in Sources */,
				3185AEE629C1ABDC00ED6ABE /* DetailsView.swift in Sources */,
				31F6AA4729BE9B3C0069FF2E /* Service.swift in Sources */,
				3185AEEA29C1AD0C00ED6ABE /* DetailsViewModel.swift in Sources */,
				31F6AA4E29BEAAEC0069FF2E /* CellView.swift in Sources */,
				3185AEEC29C1CEBB00ED6ABE /* CountDownView.swift in Sources */,
				31F6AA3729BE9A840069FF2E /* SuGittiApp.swift in Sources */,
				31F6AA4929BE9E9C0069FF2E /* HomeView.swift in Sources */,
				31F6AA4529BE9AFF0069FF2E /* CityModel.swift in Sources */,
			);
			runOnlyForDeploymentPostprocessing = 0;
		};
/* End PBXSourcesBuildPhase section */

/* Begin XCBuildConfiguration section */
		31F6AA3F29BE9A850069FF2E /* Debug */ = {
			isa = XCBuildConfiguration;
			buildSettings = {
				ALWAYS_SEARCH_USER_PATHS = NO;
				CLANG_ANALYZER_NONNULL = YES;
				CLANG_ANALYZER_NUMBER_OBJECT_CONVERSION = YES_AGGRESSIVE;
				CLANG_CXX_LANGUAGE_STANDARD = "gnu++20";
				CLANG_ENABLE_MODULES = YES;
				CLANG_ENABLE_OBJC_ARC = YES;
				CLANG_ENABLE_OBJC_WEAK = YES;
				CLANG_WARN_BLOCK_CAPTURE_AUTORELEASING = YES;
				CLANG_WARN_BOOL_CONVERSION = YES;
				CLANG_WARN_COMMA = YES;
				CLANG_WARN_CONSTANT_CONVERSION = YES;
				CLANG_WARN_DEPRECATED_OBJC_IMPLEMENTATIONS = YES;
				CLANG_WARN_DIRECT_OBJC_ISA_USAGE = YES_ERROR;
				CLANG_WARN_DOCUMENTATION_COMMENTS = YES;
				CLANG_WARN_EMPTY_BODY = YES;
				CLANG_WARN_ENUM_CONVERSION = YES;
				CLANG_WARN_INFINITE_RECURSION = YES;
				CLANG_WARN_INT_CONVERSION = YES;
				CLANG_WARN_NON_LITERAL_NULL_CONVERSION = YES;
				CLANG_WARN_OBJC_IMPLICIT_RETAIN_SELF = YES;
				CLANG_WARN_OBJC_LITERAL_CONVERSION = YES;
				CLANG_WARN_OBJC_ROOT_CLASS = YES_ERROR;
				CLANG_WARN_QUOTED_INCLUDE_IN_FRAMEWORK_HEADER = YES;
				CLANG_WARN_RANGE_LOOP_ANALYSIS = YES;
				CLANG_WARN_STRICT_PROTOTYPES = YES;
				CLANG_WARN_SUSPICIOUS_MOVE = YES;
				CLANG_WARN_UNGUARDED_AVAILABILITY = YES_AGGRESSIVE;
				CLANG_WARN_UNREACHABLE_CODE = YES;
				CLANG_WARN__DUPLICATE_METHOD_MATCH = YES;
				COPY_PHASE_STRIP = NO;
				DEBUG_INFORMATION_FORMAT = dwarf;
				ENABLE_STRICT_OBJC_MSGSEND = YES;
				ENABLE_TESTABILITY = YES;
				GCC_C_LANGUAGE_STANDARD = gnu11;
				GCC_DYNAMIC_NO_PIC = NO;
				GCC_NO_COMMON_BLOCKS = YES;
				GCC_OPTIMIZATION_LEVEL = 0;
				GCC_PREPROCESSOR_DEFINITIONS = (
					"DEBUG=1",
					"$(inherited)",
				);
				GCC_WARN_64_TO_32_BIT_CONVERSION = YES;
				GCC_WARN_ABOUT_RETURN_TYPE = YES_ERROR;
				GCC_WARN_UNDECLARED_SELECTOR = YES;
				GCC_WARN_UNINITIALIZED_AUTOS = YES_AGGRESSIVE;
				GCC_WARN_UNUSED_FUNCTION = YES;
				GCC_WARN_UNUSED_VARIABLE = YES;
				IPHONEOS_DEPLOYMENT_TARGET = 16.1;
				MTL_ENABLE_DEBUG_INFO = INCLUDE_SOURCE;
				MTL_FAST_MATH = YES;
				ONLY_ACTIVE_ARCH = YES;
				SDKROOT = iphoneos;
				SWIFT_ACTIVE_COMPILATION_CONDITIONS = DEBUG;
				SWIFT_OPTIMIZATION_LEVEL = "-Onone";
			};
			name = Debug;
		};
		31F6AA4029BE9A850069FF2E /* Release */ = {
			isa = XCBuildConfiguration;
			buildSettings = {
				ALWAYS_SEARCH_USER_PATHS = NO;
				CLANG_ANALYZER_NONNULL = YES;
				CLANG_ANALYZER_NUMBER_OBJECT_CONVERSION = YES_AGGRESSIVE;
				CLANG_CXX_LANGUAGE_STANDARD = "gnu++20";
				CLANG_ENABLE_MODULES = YES;
				CLANG_ENABLE_OBJC_ARC = YES;
				CLANG_ENABLE_OBJC_WEAK = YES;
				CLANG_WARN_BLOCK_CAPTURE_AUTORELEASING = YES;
				CLANG_WARN_BOOL_CONVERSION = YES;
				CLANG_WARN_COMMA = YES;
				CLANG_WARN_CONSTANT_CONVERSION = YES;
				CLANG_WARN_DEPRECATED_OBJC_IMPLEMENTATIONS = YES;
				CLANG_WARN_DIRECT_OBJC_ISA_USAGE = YES_ERROR;
				CLANG_WARN_DOCUMENTATION_COMMENTS = YES;
				CLANG_WARN_EMPTY_BODY = YES;
				CLANG_WARN_ENUM_CONVERSION = YES;
				CLANG_WARN_INFINITE_RECURSION = YES;
				CLANG_WARN_INT_CONVERSION = YES;
				CLANG_WARN_NON_LITERAL_NULL_CONVERSION = YES;
				CLANG_WARN_OBJC_IMPLICIT_RETAIN_SELF = YES;
				CLANG_WARN_OBJC_LITERAL_CONVERSION = YES;
				CLANG_WARN_OBJC_ROOT_CLASS = YES_ERROR;
				CLANG_WARN_QUOTED_INCLUDE_IN_FRAMEWORK_HEADER = YES;
				CLANG_WARN_RANGE_LOOP_ANALYSIS = YES;
				CLANG_WARN_STRICT_PROTOTYPES = YES;
				CLANG_WARN_SUSPICIOUS_MOVE = YES;
				CLANG_WARN_UNGUARDED_AVAILABILITY = YES_AGGRESSIVE;
				CLANG_WARN_UNREACHABLE_CODE = YES;
				CLANG_WARN__DUPLICATE_METHOD_MATCH = YES;
				COPY_PHASE_STRIP = NO;
				DEBUG_INFORMATION_FORMAT = "dwarf-with-dsym";
				ENABLE_NS_ASSERTIONS = NO;
				ENABLE_STRICT_OBJC_MSGSEND = YES;
				GCC_C_LANGUAGE_STANDARD = gnu11;
				GCC_NO_COMMON_BLOCKS = YES;
				GCC_WARN_64_TO_32_BIT_CONVERSION = YES;
				GCC_WARN_ABOUT_RETURN_TYPE = YES_ERROR;
				GCC_WARN_UNDECLARED_SELECTOR = YES;
				GCC_WARN_UNINITIALIZED_AUTOS = YES_AGGRESSIVE;
				GCC_WARN_UNUSED_FUNCTION = YES;
				GCC_WARN_UNUSED_VARIABLE = YES;
				IPHONEOS_DEPLOYMENT_TARGET = 16.1;
				MTL_ENABLE_DEBUG_INFO = NO;
				MTL_FAST_MATH = YES;
				SDKROOT = iphoneos;
				SWIFT_COMPILATION_MODE = wholemodule;
				SWIFT_OPTIMIZATION_LEVEL = "-O";
				VALIDATE_PRODUCT = YES;
			};
			name = Release;
		};
		31F6AA4229BE9A850069FF2E /* Debug */ = {
			isa = XCBuildConfiguration;
			buildSettings = {
				ASSETCATALOG_COMPILER_APPICON_NAME = AppIcon;
				ASSETCATALOG_COMPILER_GLOBAL_ACCENT_COLOR_NAME = AccentColor;
				CODE_SIGN_STYLE = Automatic;
				CURRENT_PROJECT_VERSION = 1;
				DEVELOPMENT_ASSET_PATHS = "\"SuGitti/Preview Content\"";
				DEVELOPMENT_TEAM = LD92982N8X;
				ENABLE_PREVIEWS = YES;
				GENERATE_INFOPLIST_FILE = YES;
				INFOPLIST_KEY_UIApplicationSceneManifest_Generation = YES;
				INFOPLIST_KEY_UIApplicationSupportsIndirectInputEvents = YES;
				INFOPLIST_KEY_UILaunchScreen_Generation = YES;
				INFOPLIST_KEY_UISupportedInterfaceOrientations_iPad = "UIInterfaceOrientationPortrait UIInterfaceOrientationPortraitUpsideDown UIInterfaceOrientationLandscapeLeft UIInterfaceOrientationLandscapeRight";
				INFOPLIST_KEY_UISupportedInterfaceOrientations_iPhone = "UIInterfaceOrientationPortrait UIInterfaceOrientationLandscapeLeft UIInterfaceOrientationLandscapeRight";
				LD_RUNPATH_SEARCH_PATHS = (
					"$(inherited)",
					"@executable_path/Frameworks",
				);
				MARKETING_VERSION = 1.0;
				PRODUCT_BUNDLE_IDENTIFIER = com.ozancicek.SuGitti;
				PRODUCT_NAME = "$(TARGET_NAME)";
				SWIFT_EMIT_LOC_STRINGS = YES;
				SWIFT_VERSION = 5.0;
				TARGETED_DEVICE_FAMILY = "1,2";
			};
			name = Debug;
		};
		31F6AA4329BE9A850069FF2E /* Release */ = {
			isa = XCBuildConfiguration;
			buildSettings = {
				ASSETCATALOG_COMPILER_APPICON_NAME = AppIcon;
				ASSETCATALOG_COMPILER_GLOBAL_ACCENT_COLOR_NAME = AccentColor;
				CODE_SIGN_STYLE = Automatic;
				CURRENT_PROJECT_VERSION = 1;
				DEVELOPMENT_ASSET_PATHS = "\"SuGitti/Preview Content\"";
				DEVELOPMENT_TEAM = LD92982N8X;
				ENABLE_PREVIEWS = YES;
				GENERATE_INFOPLIST_FILE = YES;
				INFOPLIST_KEY_UIApplicationSceneManifest_Generation = YES;
				INFOPLIST_KEY_UIApplicationSupportsIndirectInputEvents = YES;
				INFOPLIST_KEY_UILaunchScreen_Generation = YES;
				INFOPLIST_KEY_UISupportedInterfaceOrientations_iPad = "UIInterfaceOrientationPortrait UIInterfaceOrientationPortraitUpsideDown UIInterfaceOrientationLandscapeLeft UIInterfaceOrientationLandscapeRight";
				INFOPLIST_KEY_UISupportedInterfaceOrientations_iPhone = "UIInterfaceOrientationPortrait UIInterfaceOrientationLandscapeLeft UIInterfaceOrientationLandscapeRight";
				LD_RUNPATH_SEARCH_PATHS = (
					"$(inherited)",
					"@executable_path/Frameworks",
				);
				MARKETING_VERSION = 1.0;
				PRODUCT_BUNDLE_IDENTIFIER = com.ozancicek.SuGitti;
				PRODUCT_NAME = "$(TARGET_NAME)";
				SWIFT_EMIT_LOC_STRINGS = YES;
				SWIFT_VERSION = 5.0;
				TARGETED_DEVICE_FAMILY = "1,2";
			};
			name = Release;
		};
/* End XCBuildConfiguration section */

/* Begin XCConfigurationList section */
		31F6AA2E29BE9A840069FF2E /* Build configuration list for PBXProject "SuGitti" */ = {
			isa = XCConfigurationList;
			buildConfigurations = (
				31F6AA3F29BE9A850069FF2E /* Debug */,
				31F6AA4029BE9A850069FF2E /* Release */,
			);
			defaultConfigurationIsVisible = 0;
			defaultConfigurationName = Release;
		};
		31F6AA4129BE9A850069FF2E /* Build configuration list for PBXNativeTarget "SuGitti" */ = {
			isa = XCConfigurationList;
			buildConfigurations = (
				31F6AA4229BE9A850069FF2E /* Debug */,
				31F6AA4329BE9A850069FF2E /* Release */,
			);
			defaultConfigurationIsVisible = 0;
			defaultConfigurationName = Release;
		};
/* End XCConfigurationList section */

/* Begin XCRemoteSwiftPackageReference section */
		31F6AA4A29BEA4540069FF2E /* XCRemoteSwiftPackageReference "Alamofire" */ = {
			isa = XCRemoteSwiftPackageReference;
			repositoryURL = "https://github.com/Alamofire/Alamofire";
			requirement = {
				branch = master;
				kind = branch;
			};
		};
/* End XCRemoteSwiftPackageReference section */

/* Begin XCSwiftPackageProductDependency section */
		31F6AA4B29BEA4540069FF2E /* Alamofire */ = {
			isa = XCSwiftPackageProductDependency;
			package = 31F6AA4A29BEA4540069FF2E /* XCRemoteSwiftPackageReference "Alamofire" */;
			productName = Alamofire;
		};
/* End XCSwiftPackageProductDependency section */
	};
	rootObject = 31F6AA2B29BE9A840069FF2E /* Project object */;
}
